
Microsoft Visual Studio Solution File, Format Version 12.00
# Visual Studio Version 17
VisualStudioVersion = 17.9.34616.47
MinimumVisualStudioVersion = 10.0.40219.1
Project("{FAE04EC0-301F-11D3-BF4B-00C04F79EFBC}") = "symphonylimited", "symphonylimited.csproj", "{BDC353C6-1056-45D6-AA73-63F5AD802836}"
EndProject
Global
	GlobalSection(SolutionConfigurationPlatforms) = preSolution
		Debug|Any CPU = Debug|Any CPU
		Release|Any CPU = Release|Any CPU
	EndGlobalSection
	GlobalSection(ProjectConfigurationPlatforms) = postSolution
		{BDC353C6-1056-45D6-AA73-63F5AD802836}.Debug|Any CPU.ActiveCfg = Debug|Any CPU
		{BDC353C6-1056-45D6-AA73-63F5AD802836}.Debug|Any CPU.Build.0 = Debug|Any CPU
		{BDC353C6-1056-45D6-AA73-63F5AD802836}.Release|Any CPU.ActiveCfg = Release|Any CPU
		{BDC353C6-1056-45D6-AA73-63F5AD802836}.Release|Any CPU.Build.0 = Release|Any CPU
	EndGlobalSection
	GlobalSection(SolutionProperties) = preSolution
		HideSolutionNode = FALSE
	EndGlobalSection
	GlobalSection(ExtensibilityGlobals) = postSolution
		SolutionGuid = {8FFA0162-5E6E-4166-8053-9851151734BB}
	EndGlobalSection
EndGlobal
